
Microsoft Visual Studio Solution File, Format Version 12.00
# Visual Studio Version 17
VisualStudioVersion = 17.9.34622.214
MinimumVisualStudioVersion = 10.0.40219.1
Project("{FAE04EC0-301F-11D3-BF4B-00C04F79EFBC}") = "Backend", "Backend.csproj", "{CC53D611-15CB-4A1F-ABED-5F706DF33DFD}"
EndProject
Global
	GlobalSection(SolutionConfigurationPlatforms) = preSolution
		Debug|Any CPU = Debug|Any CPU
		Release|Any CPU = Release|Any CPU
	EndGlobalSection
	GlobalSection(ProjectConfigurationPlatforms) = postSolution
		{CC53D611-15CB-4A1F-ABED-5F706DF33DFD}.Debug|Any CPU.ActiveCfg = Debug|Any CPU
		{CC53D611-15CB-4A1F-ABED-5F706DF33DFD}.Debug|Any CPU.Build.0 = Debug|Any CPU
		{CC53D611-15CB-4A1F-ABED-5F706DF33DFD}.Release|Any CPU.ActiveCfg = Release|Any CPU
		{CC53D611-15CB-4A1F-ABED-5F706DF33DFD}.Release|Any CPU.Build.0 = Release|Any CPU
	EndGlobalSection
	GlobalSection(SolutionProperties) = preSolution
		HideSolutionNode = FALSE
	EndGlobalSection
	GlobalSection(ExtensibilityGlobals) = postSolution
		SolutionGuid = {D4838686-5047-4DA1-8FBA-307CC46EAE43}
	EndGlobalSection
EndGlobal
